// !$*UTF8*$!
{
	archiveVersion = 1;
	classes = {
	};
	objectVersion = 50;
	objects = {

/* Begin PBXBuildFile section */
		F28F854C2505CD9600200643 /* AppDelegate.swift in Sources */ = {isa = PBXBuildFile; fileRef = F28F854B2505CD9600200643 /* AppDelegate.swift */; };
		F28F85502505CD9600200643 /* MainViewController.swift in Sources */ = {isa = PBXBuildFile; fileRef = F28F854F2505CD9600200643 /* MainViewController.swift */; };
		F28F85532505CD9600200643 /* Main.storyboard in Resources */ = {isa = PBXBuildFile; fileRef = F28F85512505CD9600200643 /* Main.storyboard */; };
		F28F85552505CD9900200643 /* Assets.xcassets in Resources */ = {isa = PBXBuildFile; fileRef = F28F85542505CD9900200643 /* Assets.xcassets */; };
		F28F85582505CD9900200643 /* LaunchScreen.storyboard in Resources */ = {isa = PBXBuildFile; fileRef = F28F85562505CD9900200643 /* LaunchScreen.storyboard */; };
		F28F85672505DC5F00200643 /* LaunchScreenViewController.swift in Sources */ = {isa = PBXBuildFile; fileRef = F28F85662505DC5F00200643 /* LaunchScreenViewController.swift */; };
		F28F85692505DD7500200643 /* Start.storyboard in Resources */ = {isa = PBXBuildFile; fileRef = F28F85682505DD7500200643 /* Start.storyboard */; };
		F28F856B2505E2E200200643 /* HTTPConnectable.swift in Sources */ = {isa = PBXBuildFile; fileRef = F28F856A2505E2E200200643 /* HTTPConnectable.swift */; };
		F28F856D2505E46100200643 /* SessionManager.swift in Sources */ = {isa = PBXBuildFile; fileRef = F28F856C2505E46100200643 /* SessionManager.swift */; };
		F28F856F2505E4F300200643 /* DataUtil.swift in Sources */ = {isa = PBXBuildFile; fileRef = F28F856E2505E4F300200643 /* DataUtil.swift */; };
		F28F85712505E89E00200643 /* UIExtension.swift in Sources */ = {isa = PBXBuildFile; fileRef = F28F85702505E89E00200643 /* UIExtension.swift */; };
		F28F85732505E97D00200643 /* Constants.swift in Sources */ = {isa = PBXBuildFile; fileRef = F28F85722505E97D00200643 /* Constants.swift */; };
		F28F85752505F5E500200643 /* YRequest.swift in Sources */ = {isa = PBXBuildFile; fileRef = F28F85742505F5E500200643 /* YRequest.swift */; };
		F28F85772505F76700200643 /* YResponse.swift in Sources */ = {isa = PBXBuildFile; fileRef = F28F85762505F76700200643 /* YResponse.swift */; };
		F28F85792505F80100200643 /* LoginData.swift in Sources */ = {isa = PBXBuildFile; fileRef = F28F85782505F80100200643 /* LoginData.swift */; };
		F28F857B2505FF5700200643 /* BaseViewController.swift in Sources */ = {isa = PBXBuildFile; fileRef = F28F857A2505FF5700200643 /* BaseViewController.swift */; };
		F28F857F25074C8000200643 /* CommonLoadingView.xib in Resources */ = {isa = PBXBuildFile; fileRef = F28F857E25074C8000200643 /* CommonLoadingView.xib */; };
		F28F858125074D6400200643 /* CommonLoadingView.swift in Sources */ = {isa = PBXBuildFile; fileRef = F28F858025074D6400200643 /* CommonLoadingView.swift */; };
		F28F85872507600200200643 /* LocalizedKeySet.swift in Sources */ = {isa = PBXBuildFile; fileRef = F28F85862507600200200643 /* LocalizedKeySet.swift */; };
		F28F858C2507607E00200643 /* Localizable.strings in Resources */ = {isa = PBXBuildFile; fileRef = F28F858B2507607E00200643 /* Localizable.strings */; };
		F28F858F250765CB00200643 /* CommonUtil.swift in Sources */ = {isa = PBXBuildFile; fileRef = F28F858E250765CB00200643 /* CommonUtil.swift */; };
/* End PBXBuildFile section */

/* Begin PBXFileReference section */
		F28F85482505CD9600200643 /* projectBase.app */ = {isa = PBXFileReference; explicitFileType = wrapper.application; includeInIndex = 0; path = projectBase.app; sourceTree = BUILT_PRODUCTS_DIR; };
		F28F854B2505CD9600200643 /* AppDelegate.swift */ = {isa = PBXFileReference; lastKnownFileType = sourcecode.swift; path = AppDelegate.swift; sourceTree = "<group>"; };
		F28F854F2505CD9600200643 /* MainViewController.swift */ = {isa = PBXFileReference; lastKnownFileType = sourcecode.swift; path = MainViewController.swift; sourceTree = "<group>"; };
		F28F85522505CD9600200643 /* Base */ = {isa = PBXFileReference; lastKnownFileType = file.storyboard; name = Base; path = Base.lproj/Main.storyboard; sourceTree = "<group>"; };
		F28F85542505CD9900200643 /* Assets.xcassets */ = {isa = PBXFileReference; lastKnownFileType = folder.assetcatalog; path = Assets.xcassets; sourceTree = "<group>"; };
		F28F85572505CD9900200643 /* Base */ = {isa = PBXFileReference; lastKnownFileType = file.storyboard; name = Base; path = Base.lproj/LaunchScreen.storyboard; sourceTree = "<group>"; };
		F28F85592505CD9900200643 /* Info.plist */ = {isa = PBXFileReference; lastKnownFileType = text.plist.xml; path = Info.plist; sourceTree = "<group>"; };
		F28F85662505DC5F00200643 /* LaunchScreenViewController.swift */ = {isa = PBXFileReference; lastKnownFileType = sourcecode.swift; path = LaunchScreenViewController.swift; sourceTree = "<group>"; };
		F28F85682505DD7500200643 /* Start.storyboard */ = {isa = PBXFileReference; lastKnownFileType = file.storyboard; path = Start.storyboard; sourceTree = "<group>"; };
		F28F856A2505E2E200200643 /* HTTPConnectable.swift */ = {isa = PBXFileReference; lastKnownFileType = sourcecode.swift; path = HTTPConnectable.swift; sourceTree = "<group>"; };
		F28F856C2505E46100200643 /* SessionManager.swift */ = {isa = PBXFileReference; lastKnownFileType = sourcecode.swift; path = SessionManager.swift; sourceTree = "<group>"; };
		F28F856E2505E4F300200643 /* DataUtil.swift */ = {isa = PBXFileReference; lastKnownFileType = sourcecode.swift; path = DataUtil.swift; sourceTree = "<group>"; };
		F28F85702505E89E00200643 /* UIExtension.swift */ = {isa = PBXFileReference; lastKnownFileType = sourcecode.swift; path = UIExtension.swift; sourceTree = "<group>"; };
		F28F85722505E97D00200643 /* Constants.swift */ = {isa = PBXFileReference; lastKnownFileType = sourcecode.swift; path = Constants.swift; sourceTree = "<group>"; };
		F28F85742505F5E500200643 /* YRequest.swift */ = {isa = PBXFileReference; lastKnownFileType = sourcecode.swift; path = YRequest.swift; sourceTree = "<group>"; };
		F28F85762505F76700200643 /* YResponse.swift */ = {isa = PBXFileReference; lastKnownFileType = sourcecode.swift; path = YResponse.swift; sourceTree = "<group>"; };
		F28F85782505F80100200643 /* LoginData.swift */ = {isa = PBXFileReference; lastKnownFileType = sourcecode.swift; path = LoginData.swift; sourceTree = "<group>"; };
		F28F857A2505FF5700200643 /* BaseViewController.swift */ = {isa = PBXFileReference; lastKnownFileType = sourcecode.swift; path = BaseViewController.swift; sourceTree = "<group>"; };
		F28F857E25074C8000200643 /* CommonLoadingView.xib */ = {isa = PBXFileReference; lastKnownFileType = file.xib; path = CommonLoadingView.xib; sourceTree = "<group>"; };
		F28F858025074D6400200643 /* CommonLoadingView.swift */ = {isa = PBXFileReference; lastKnownFileType = sourcecode.swift; path = CommonLoadingView.swift; sourceTree = "<group>"; };
		F28F85862507600200200643 /* LocalizedKeySet.swift */ = {isa = PBXFileReference; lastKnownFileType = sourcecode.swift; path = LocalizedKeySet.swift; sourceTree = "<group>"; };
		F28F858B2507607E00200643 /* Localizable.strings */ = {isa = PBXFileReference; lastKnownFileType = text.plist.strings; path = Localizable.strings; sourceTree = "<group>"; };
		F28F858E250765CB00200643 /* CommonUtil.swift */ = {isa = PBXFileReference; lastKnownFileType = sourcecode.swift; path = CommonUtil.swift; sourceTree = "<group>"; };
/* End PBXFileReference section */

/* Begin PBXFrameworksBuildPhase section */
		F28F85452505CD9600200643 /* Frameworks */ = {
			isa = PBXFrameworksBuildPhase;
			buildActionMask = 2147483647;
			files = (
			);
			runOnlyForDeploymentPostprocessing = 0;
		};
/* End PBXFrameworksBuildPhase section */

/* Begin PBXGroup section */
		F28F853F2505CD9600200643 = {
			isa = PBXGroup;
			children = (
				F28F854A2505CD9600200643 /* projectBase */,
				F28F85492505CD9600200643 /* Products */,
			);
			sourceTree = "<group>";
		};
		F28F85492505CD9600200643 /* Products */ = {
			isa = PBXGroup;
			children = (
				F28F85482505CD9600200643 /* projectBase.app */,
			);
			name = Products;
			sourceTree = "<group>";
		};
		F28F854A2505CD9600200643 /* projectBase */ = {
			isa = PBXGroup;
			children = (
				F28F857C25061D0F00200643 /* Common */,
				F28F85642505D97B00200643 /* HTTP */,
				F28F85652505D98100200643 /* Manager */,
				F28F85622505D94B00200643 /* Model */,
				F28F85612505D93700200643 /* ViewController */,
				F28F85602505D91800200643 /* SupportFiles */,
				F28F855F2505D90200200643 /* Storyboard */,
			);
			path = projectBase;
			sourceTree = "<group>";
		};
		F28F855F2505D90200200643 /* Storyboard */ = {
			isa = PBXGroup;
			children = (
				F28F85562505CD9900200643 /* LaunchScreen.storyboard */,
				F28F85512505CD9600200643 /* Main.storyboard */,
				F28F85682505DD7500200643 /* Start.storyboard */,
			);
			path = Storyboard;
			sourceTree = "<group>";
		};
		F28F85602505D91800200643 /* SupportFiles */ = {
			isa = PBXGroup;
			children = (
				F28F854B2505CD9600200643 /* AppDelegate.swift */,
				F28F85722505E97D00200643 /* Constants.swift */,
				F28F85542505CD9900200643 /* Assets.xcassets */,
				F28F85592505CD9900200643 /* Info.plist */,
				F28F858B2507607E00200643 /* Localizable.strings */,
				F28F85862507600200200643 /* LocalizedKeySet.swift */,
			);
			path = SupportFiles;
			sourceTree = "<group>";
		};
		F28F85612505D93700200643 /* ViewController */ = {
			isa = PBXGroup;
			children = (
				F28F857A2505FF5700200643 /* BaseViewController.swift */,
				F28F854F2505CD9600200643 /* MainViewController.swift */,
				F28F85662505DC5F00200643 /* LaunchScreenViewController.swift */,
			);
			path = ViewController;
			sourceTree = "<group>";
		};
		F28F85622505D94B00200643 /* Model */ = {
			isa = PBXGroup;
			children = (
				F28F85782505F80100200643 /* LoginData.swift */,
			);
			path = Model;
			sourceTree = "<group>";
		};
		F28F85632505D95200200643 /* Utils */ = {
			isa = PBXGroup;
			children = (
				F28F856E2505E4F300200643 /* DataUtil.swift */,
				F28F85702505E89E00200643 /* UIExtension.swift */,
				F28F858E250765CB00200643 /* CommonUtil.swift */,
			);
			path = Utils;
			sourceTree = "<group>";
		};
		F28F85642505D97B00200643 /* HTTP */ = {
			isa = PBXGroup;
			children = (
				F28F856A2505E2E200200643 /* HTTPConnectable.swift */,
				F28F85742505F5E500200643 /* YRequest.swift */,
				F28F85762505F76700200643 /* YResponse.swift */,
			);
			path = HTTP;
			sourceTree = "<group>";
		};
		F28F85652505D98100200643 /* Manager */ = {
			isa = PBXGroup;
			children = (
				F28F856C2505E46100200643 /* SessionManager.swift */,
			);
			path = Manager;
			sourceTree = "<group>";
		};
		F28F857C25061D0F00200643 /* Common */ = {
			isa = PBXGroup;
			children = (
				F28F857D25061D1F00200643 /* Loading */,
				F28F85632505D95200200643 /* Utils */,
			);
			path = Common;
			sourceTree = "<group>";
		};
		F28F857D25061D1F00200643 /* Loading */ = {
			isa = PBXGroup;
			children = (
				F28F857E25074C8000200643 /* CommonLoadingView.xib */,
				F28F858025074D6400200643 /* CommonLoadingView.swift */,
			);
			path = Loading;
			sourceTree = "<group>";
		};
/* End PBXGroup section */

/* Begin PBXNativeTarget section */
		F28F85472505CD9600200643 /* projectBase */ = {
			isa = PBXNativeTarget;
			buildConfigurationList = F28F855C2505CD9900200643 /* Build configuration list for PBXNativeTarget "projectBase" */;
			buildPhases = (
				F28F85442505CD9600200643 /* Sources */,
				F28F85452505CD9600200643 /* Frameworks */,
				F28F85462505CD9600200643 /* Resources */,
				F28F858D2507619600200643 /* ShellScript */,
			);
			buildRules = (
			);
			dependencies = (
			);
			name = projectBase;
			productName = projectBase;
			productReference = F28F85482505CD9600200643 /* projectBase.app */;
			productType = "com.apple.product-type.application";
		};
/* End PBXNativeTarget section */

/* Begin PBXProject section */
		F28F85402505CD9600200643 /* Project object */ = {
			isa = PBXProject;
			attributes = {
				LastSwiftUpdateCheck = 1170;
				LastUpgradeCheck = 1170;
				ORGANIZATIONNAME = "유영문";
				TargetAttributes = {
					F28F85472505CD9600200643 = {
						CreatedOnToolsVersion = 11.7;
					};
				};
			};
			buildConfigurationList = F28F85432505CD9600200643 /* Build configuration list for PBXProject "projectBase" */;
			compatibilityVersion = "Xcode 9.3";
			developmentRegion = en;
			hasScannedForEncodings = 0;
			knownRegions = (
				en,
				Base,
			);
			mainGroup = F28F853F2505CD9600200643;
			productRefGroup = F28F85492505CD9600200643 /* Products */;
			projectDirPath = "";
			projectRoot = "";
			targets = (
				F28F85472505CD9600200643 /* projectBase */,
			);
		};
/* End PBXProject section */

/* Begin PBXResourcesBuildPhase section */
		F28F85462505CD9600200643 /* Resources */ = {
			isa = PBXResourcesBuildPhase;
			buildActionMask = 2147483647;
			files = (
				F28F857F25074C8000200643 /* CommonLoadingView.xib in Resources */,
				F28F858C2507607E00200643 /* Localizable.strings in Resources */,
				F28F85582505CD9900200643 /* LaunchScreen.storyboard in Resources */,
				F28F85692505DD7500200643 /* Start.storyboard in Resources */,
				F28F85552505CD9900200643 /* Assets.xcassets in Resources */,
				F28F85532505CD9600200643 /* Main.storyboard in Resources */,
			);
			runOnlyForDeploymentPostprocessing = 0;
		};
/* End PBXResourcesBuildPhase section */

/* Begin PBXShellScriptBuildPhase section */
		F28F858D2507619600200643 /* ShellScript */ = {
			isa = PBXShellScriptBuildPhase;
			buildActionMask = 2147483647;
			files = (
			);
			inputFileListPaths = (
			);
			inputPaths = (
			);
			outputFileListPaths = (
			);
			outputPaths = (
			);
			runOnlyForDeploymentPostprocessing = 0;
			shellPath = /bin/sh;
			shellScript = "# Type a script or drag a script file from your workspace to insert its path.\ntouch temp_enum.swift\necho \"enum LocalizedKeySet: String {\" >> temp_enum.swift\n\nfile=\"${PROJECT_DIR}/projectBase/SupportFiles/Localizable.strings\"\n#regex=\"^[A-Za-z]\\{1,\\}=\\\"\"\nwhile IFS= read -r line\ndo\n#echo \":::\" $line | grep $regex\n#filter=$(echo $line | grep $regex )\nvarName=$(echo ${line%%=*})\nif [ \"$varName\" != \"\" ]\nthen\necho $'\\t'\"case $varName\" >> temp_enum.swift\nfi\n\ndone <\"$file\"\n\n# variable\necho $'\\n\\tvar localized: String {\\n\\t\\treturn String(describing: self).localized\\n\\t}' >> temp_enum.swift\n\n# function\n# echo $'\\n\\tfunc withFormat(args: [CVarArg]) -> String {\\n\\t\\treturn String(format: String(describing: self).localized, args)\\n\\t}' >> temp_enum.swift\n\necho '}' >> temp_enum.swift\n\n\ntouch\ncat \"temp_enum.swift\" > ${PROJECT_DIR}/projectBase/SupportFiles/LocalizedKeySet.swift\nrm temp_enum.swift\n";
		};
/* End PBXShellScriptBuildPhase section */

/* Begin PBXSourcesBuildPhase section */
		F28F85442505CD9600200643 /* Sources */ = {
			isa = PBXSourcesBuildPhase;
			buildActionMask = 2147483647;
			files = (
				F28F85502505CD9600200643 /* MainViewController.swift in Sources */,
				F28F856F2505E4F300200643 /* DataUtil.swift in Sources */,
				F28F85872507600200200643 /* LocalizedKeySet.swift in Sources */,
				F28F85672505DC5F00200643 /* LaunchScreenViewController.swift in Sources */,
				F28F85712505E89E00200643 /* UIExtension.swift in Sources */,
				F28F858125074D6400200643 /* CommonLoadingView.swift in Sources */,
				F28F85772505F76700200643 /* YResponse.swift in Sources */,
				F28F857B2505FF5700200643 /* BaseViewController.swift in Sources */,
				F28F858F250765CB00200643 /* CommonUtil.swift in Sources */,
				F28F85752505F5E500200643 /* YRequest.swift in Sources */,
				F28F856B2505E2E200200643 /* HTTPConnectable.swift in Sources */,
				F28F856D2505E46100200643 /* SessionManager.swift in Sources */,
				F28F854C2505CD9600200643 /* AppDelegate.swift in Sources */,
				F28F85732505E97D00200643 /* Constants.swift in Sources */,
				F28F85792505F80100200643 /* LoginData.swift in Sources */,
			);
			runOnlyForDeploymentPostprocessing = 0;
		};
/* End PBXSourcesBuildPhase section */

/* Begin PBXVariantGroup section */
		F28F85512505CD9600200643 /* Main.storyboard */ = {
			isa = PBXVariantGroup;
			children = (
				F28F85522505CD9600200643 /* Base */,
			);
			name = Main.storyboard;
			sourceTree = "<group>";
		};
		F28F85562505CD9900200643 /* LaunchScreen.storyboard */ = {
			isa = PBXVariantGroup;
			children = (
				F28F85572505CD9900200643 /* Base */,
			);
			name = LaunchScreen.storyboard;
			sourceTree = "<group>";
		};
/* End PBXVariantGroup section */

/* Begin XCBuildConfiguration section */
		F28F855A2505CD9900200643 /* Debug */ = {
			isa = XCBuildConfiguration;
			buildSettings = {
				ALWAYS_SEARCH_USER_PATHS = NO;
				CLANG_ANALYZER_NONNULL = YES;
				CLANG_ANALYZER_NUMBER_OBJECT_CONVERSION = YES_AGGRESSIVE;
				CLANG_CXX_LANGUAGE_STANDARD = "gnu++14";
				CLANG_CXX_LIBRARY = "libc++";
				CLANG_ENABLE_MODULES = YES;
				CLANG_ENABLE_OBJC_ARC = YES;
				CLANG_ENABLE_OBJC_WEAK = YES;
				CLANG_WARN_BLOCK_CAPTURE_AUTORELEASING = YES;
				CLANG_WARN_BOOL_CONVERSION = YES;
				CLANG_WARN_COMMA = YES;
				CLANG_WARN_CONSTANT_CONVERSION = YES;
				CLANG_WARN_DEPRECATED_OBJC_IMPLEMENTATIONS = YES;
				CLANG_WARN_DIRECT_OBJC_ISA_USAGE = YES_ERROR;
				CLANG_WARN_DOCUMENTATION_COMMENTS = YES;
				CLANG_WARN_EMPTY_BODY = YES;
				CLANG_WARN_ENUM_CONVERSION = YES;
				CLANG_WARN_INFINITE_RECURSION = YES;
				CLANG_WARN_INT_CONVERSION = YES;
				CLANG_WARN_NON_LITERAL_NULL_CONVERSION = YES;
				CLANG_WARN_OBJC_IMPLICIT_RETAIN_SELF = YES;
				CLANG_WARN_OBJC_LITERAL_CONVERSION = YES;
				CLANG_WARN_OBJC_ROOT_CLASS = YES_ERROR;
				CLANG_WARN_RANGE_LOOP_ANALYSIS = YES;
				CLANG_WARN_STRICT_PROTOTYPES = YES;
				CLANG_WARN_SUSPICIOUS_MOVE = YES;
				CLANG_WARN_UNGUARDED_AVAILABILITY = YES_AGGRESSIVE;
				CLANG_WARN_UNREACHABLE_CODE = YES;
				CLANG_WARN__DUPLICATE_METHOD_MATCH = YES;
				COPY_PHASE_STRIP = NO;
				DEBUG_INFORMATION_FORMAT = dwarf;
				ENABLE_STRICT_OBJC_MSGSEND = YES;
				ENABLE_TESTABILITY = YES;
				GCC_C_LANGUAGE_STANDARD = gnu11;
				GCC_DYNAMIC_NO_PIC = NO;
				GCC_NO_COMMON_BLOCKS = YES;
				GCC_OPTIMIZATION_LEVEL = 0;
				GCC_PREPROCESSOR_DEFINITIONS = (
					"DEBUG=1",
					"$(inherited)",
				);
				GCC_WARN_64_TO_32_BIT_CONVERSION = YES;
				GCC_WARN_ABOUT_RETURN_TYPE = YES_ERROR;
				GCC_WARN_UNDECLARED_SELECTOR = YES;
				GCC_WARN_UNINITIALIZED_AUTOS = YES_AGGRESSIVE;
				GCC_WARN_UNUSED_FUNCTION = YES;
				GCC_WARN_UNUSED_VARIABLE = YES;
				IPHONEOS_DEPLOYMENT_TARGET = 13.7;
				MTL_ENABLE_DEBUG_INFO = INCLUDE_SOURCE;
				MTL_FAST_MATH = YES;
				ONLY_ACTIVE_ARCH = YES;
				SDKROOT = iphoneos;
				SWIFT_ACTIVE_COMPILATION_CONDITIONS = DEBUG;
				SWIFT_OPTIMIZATION_LEVEL = "-Onone";
			};
			name = Debug;
		};
		F28F855B2505CD9900200643 /* Release */ = {
			isa = XCBuildConfiguration;
			buildSettings = {
				ALWAYS_SEARCH_USER_PATHS = NO;
				CLANG_ANALYZER_NONNULL = YES;
				CLANG_ANALYZER_NUMBER_OBJECT_CONVERSION = YES_AGGRESSIVE;
				CLANG_CXX_LANGUAGE_STANDARD = "gnu++14";
				CLANG_CXX_LIBRARY = "libc++";
				CLANG_ENABLE_MODULES = YES;
				CLANG_ENABLE_OBJC_ARC = YES;
				CLANG_ENABLE_OBJC_WEAK = YES;
				CLANG_WARN_BLOCK_CAPTURE_AUTORELEASING = YES;
				CLANG_WARN_BOOL_CONVERSION = YES;
				CLANG_WARN_COMMA = YES;
				CLANG_WARN_CONSTANT_CONVERSION = YES;
				CLANG_WARN_DEPRECATED_OBJC_IMPLEMENTATIONS = YES;
				CLANG_WARN_DIRECT_OBJC_ISA_USAGE = YES_ERROR;
				CLANG_WARN_DOCUMENTATION_COMMENTS = YES;
				CLANG_WARN_EMPTY_BODY = YES;
				CLANG_WARN_ENUM_CONVERSION = YES;
				CLANG_WARN_INFINITE_RECURSION = YES;
				CLANG_WARN_INT_CONVERSION = YES;
				CLANG_WARN_NON_LITERAL_NULL_CONVERSION = YES;
				CLANG_WARN_OBJC_IMPLICIT_RETAIN_SELF = YES;
				CLANG_WARN_OBJC_LITERAL_CONVERSION = YES;
				CLANG_WARN_OBJC_ROOT_CLASS = YES_ERROR;
				CLANG_WARN_RANGE_LOOP_ANALYSIS = YES;
				CLANG_WARN_STRICT_PROTOTYPES = YES;
				CLANG_WARN_SUSPICIOUS_MOVE = YES;
				CLANG_WARN_UNGUARDED_AVAILABILITY = YES_AGGRESSIVE;
				CLANG_WARN_UNREACHABLE_CODE = YES;
				CLANG_WARN__DUPLICATE_METHOD_MATCH = YES;
				COPY_PHASE_STRIP = NO;
				DEBUG_INFORMATION_FORMAT = "dwarf-with-dsym";
				ENABLE_NS_ASSERTIONS = NO;
				ENABLE_STRICT_OBJC_MSGSEND = YES;
				GCC_C_LANGUAGE_STANDARD = gnu11;
				GCC_NO_COMMON_BLOCKS = YES;
				GCC_WARN_64_TO_32_BIT_CONVERSION = YES;
				GCC_WARN_ABOUT_RETURN_TYPE = YES_ERROR;
				GCC_WARN_UNDECLARED_SELECTOR = YES;
				GCC_WARN_UNINITIALIZED_AUTOS = YES_AGGRESSIVE;
				GCC_WARN_UNUSED_FUNCTION = YES;
				GCC_WARN_UNUSED_VARIABLE = YES;
				IPHONEOS_DEPLOYMENT_TARGET = 13.7;
				MTL_ENABLE_DEBUG_INFO = NO;
				MTL_FAST_MATH = YES;
				SDKROOT = iphoneos;
				SWIFT_COMPILATION_MODE = wholemodule;
				SWIFT_OPTIMIZATION_LEVEL = "-O";
				VALIDATE_PRODUCT = YES;
			};
			name = Release;
		};
		F28F855D2505CD9900200643 /* Debug */ = {
			isa = XCBuildConfiguration;
			buildSettings = {
				ASSETCATALOG_COMPILER_APPICON_NAME = AppIcon;
				CODE_SIGN_STYLE = Automatic;
				DEVELOPMENT_TEAM = R3JSPG4BB4;
				INFOPLIST_FILE = projectBase/SupportFiles/Info.plist;
				IPHONEOS_DEPLOYMENT_TARGET = 13.4;
				LD_RUNPATH_SEARCH_PATHS = (
					"$(inherited)",
					"@executable_path/Frameworks",
				);
				MARKETING_VERSION = 0.0.1;
				PRODUCT_BUNDLE_IDENTIFIER = kr.co.projectBase;
				PRODUCT_NAME = "$(TARGET_NAME)";
				SWIFT_VERSION = 5.0;
				TARGETED_DEVICE_FAMILY = 1;
			};
			name = Debug;
		};
		F28F855E2505CD9900200643 /* Release */ = {
			isa = XCBuildConfiguration;
			buildSettings = {
				ASSETCATALOG_COMPILER_APPICON_NAME = AppIcon;
				CODE_SIGN_STYLE = Automatic;
				DEVELOPMENT_TEAM = R3JSPG4BB4;
				INFOPLIST_FILE = projectBase/SupportFiles/Info.plist;
				IPHONEOS_DEPLOYMENT_TARGET = 13.4;
				LD_RUNPATH_SEARCH_PATHS = (
					"$(inherited)",
					"@executable_path/Frameworks",
				);
				MARKETING_VERSION = 0.0.1;
				PRODUCT_BUNDLE_IDENTIFIER = kr.co.projectBase;
				PRODUCT_NAME = "$(TARGET_NAME)";
				SWIFT_VERSION = 5.0;
				TARGETED_DEVICE_FAMILY = 1;
			};
			name = Release;
		};
/* End XCBuildConfiguration section */

/* Begin XCConfigurationList section */
		F28F85432505CD9600200643 /* Build configuration list for PBXProject "projectBase" */ = {
			isa = XCConfigurationList;
			buildConfigurations = (
				F28F855A2505CD9900200643 /* Debug */,
				F28F855B2505CD9900200643 /* Release */,
			);
			defaultConfigurationIsVisible = 0;
			defaultConfigurationName = Release;
		};
		F28F855C2505CD9900200643 /* Build configuration list for PBXNativeTarget "projectBase" */ = {
			isa = XCConfigurationList;
			buildConfigurations = (
				F28F855D2505CD9900200643 /* Debug */,
				F28F855E2505CD9900200643 /* Release */,
			);
			defaultConfigurationIsVisible = 0;
			defaultConfigurationName = Release;
		};
/* End XCConfigurationList section */
	};
	rootObject = F28F85402505CD9600200643 /* Project object */;
}
